
Microsoft Visual Studio Solution File, Format Version 12.00
# Visual Studio 15
VisualStudioVersion = 15.0.26124.0
MinimumVisualStudioVersion = 15.0.26124.0
Project("{FAE04EC0-301F-11D3-BF4B-00C04F79EFBC}") = "Domain", "Domain\Domain.csproj", "{5A20CF69-62AD-4B65-971F-6B2F6A1B2EB7}"
EndProject
Project("{FAE04EC0-301F-11D3-BF4B-00C04F79EFBC}") = "Application", "Application\Application.csproj", "{970DDD2C-815E-40BF-8ABB-034FEDD65A9A}"
EndProject
Project("{FAE04EC0-301F-11D3-BF4B-00C04F79EFBC}") = "Persistence", "Persistence\Persistence.csproj", "{8BFE6564-602F-41E2-9029-C85040F29824}"
EndProject
Project("{FAE04EC0-301F-11D3-BF4B-00C04F79EFBC}") = "Api", "Api\Api.csproj", "{A3AED834-E553-49D4-9BAB-8CB8F62FC660}"
EndProject
Global
	GlobalSection(SolutionConfigurationPlatforms) = preSolution
		Debug|Any CPU = Debug|Any CPU
		Debug|x64 = Debug|x64
		Debug|x86 = Debug|x86
		Release|Any CPU = Release|Any CPU
		Release|x64 = Release|x64
		Release|x86 = Release|x86
	EndGlobalSection
	GlobalSection(SolutionProperties) = preSolution
		HideSolutionNode = FALSE
	EndGlobalSection
	GlobalSection(ProjectConfigurationPlatforms) = postSolution
		{5A20CF69-62AD-4B65-971F-6B2F6A1B2EB7}.Debug|Any CPU.ActiveCfg = Debug|Any CPU
		{5A20CF69-62AD-4B65-971F-6B2F6A1B2EB7}.Debug|Any CPU.Build.0 = Debug|Any CPU
		{5A20CF69-62AD-4B65-971F-6B2F6A1B2EB7}.Debug|x64.ActiveCfg = Debug|Any CPU
		{5A20CF69-62AD-4B65-971F-6B2F6A1B2EB7}.Debug|x64.Build.0 = Debug|Any CPU
		{5A20CF69-62AD-4B65-971F-6B2F6A1B2EB7}.Debug|x86.ActiveCfg = Debug|Any CPU
		{5A20CF69-62AD-4B65-971F-6B2F6A1B2EB7}.Debug|x86.Build.0 = Debug|Any CPU
		{5A20CF69-62AD-4B65-971F-6B2F6A1B2EB7}.Release|Any CPU.ActiveCfg = Release|Any CPU
		{5A20CF69-62AD-4B65-971F-6B2F6A1B2EB7}.Release|Any CPU.Build.0 = Release|Any CPU
		{5A20CF69-62AD-4B65-971F-6B2F6A1B2EB7}.Release|x64.ActiveCfg = Release|Any CPU
		{5A20CF69-62AD-4B65-971F-6B2F6A1B2EB7}.Release|x64.Build.0 = Release|Any CPU
		{5A20CF69-62AD-4B65-971F-6B2F6A1B2EB7}.Release|x86.ActiveCfg = Release|Any CPU
		{5A20CF69-62AD-4B65-971F-6B2F6A1B2EB7}.Release|x86.Build.0 = Release|Any CPU
		{970DDD2C-815E-40BF-8ABB-034FEDD65A9A}.Debug|Any CPU.ActiveCfg = Debug|Any CPU
		{970DDD2C-815E-40BF-8ABB-034FEDD65A9A}.Debug|Any CPU.Build.0 = Debug|Any CPU
		{970DDD2C-815E-40BF-8ABB-034FEDD65A9A}.Debug|x64.ActiveCfg = Debug|Any CPU
		{970DDD2C-815E-40BF-8ABB-034FEDD65A9A}.Debug|x64.Build.0 = Debug|Any CPU
		{970DDD2C-815E-40BF-8ABB-034FEDD65A9A}.Debug|x86.ActiveCfg = Debug|Any CPU
		{970DDD2C-815E-40BF-8ABB-034FEDD65A9A}.Debug|x86.Build.0 = Debug|Any CPU
		{970DDD2C-815E-40BF-8ABB-034FEDD65A9A}.Release|Any CPU.ActiveCfg = Release|Any CPU
		{970DDD2C-815E-40BF-8ABB-034FEDD65A9A}.Release|Any CPU.Build.0 = Release|Any CPU
		{970DDD2C-815E-40BF-8ABB-034FEDD65A9A}.Release|x64.ActiveCfg = Release|Any CPU
		{970DDD2C-815E-40BF-8ABB-034FEDD65A9A}.Release|x64.Build.0 = Release|Any CPU
		{970DDD2C-815E-40BF-8ABB-034FEDD65A9A}.Release|x86.ActiveCfg = Release|Any CPU
		{970DDD2C-815E-40BF-8ABB-034FEDD65A9A}.Release|x86.Build.0 = Release|Any CPU
		{8BFE6564-602F-41E2-9029-C85040F29824}.Debug|Any CPU.ActiveCfg = Debug|Any CPU
		{8BFE6564-602F-41E2-9029-C85040F29824}.Debug|Any CPU.Build.0 = Debug|Any CPU
		{8BFE6564-602F-41E2-9029-C85040F29824}.Debug|x64.ActiveCfg = Debug|Any CPU
		{8BFE6564-602F-41E2-9029-C85040F29824}.Debug|x64.Build.0 = Debug|Any CPU
		{8BFE6564-602F-41E2-9029-C85040F29824}.Debug|x86.ActiveCfg = Debug|Any CPU
		{8BFE6564-602F-41E2-9029-C85040F29824}.Debug|x86.Build.0 = Debug|Any CPU
		{8BFE6564-602F-41E2-9029-C85040F29824}.Release|Any CPU.ActiveCfg = Release|Any CPU
		{8BFE6564-602F-41E2-9029-C85040F29824}.Release|Any CPU.Build.0 = Release|Any CPU
		{8BFE6564-602F-41E2-9029-C85040F29824}.Release|x64.ActiveCfg = Release|Any CPU
		{8BFE6564-602F-41E2-9029-C85040F29824}.Release|x64.Build.0 = Release|Any CPU
		{8BFE6564-602F-41E2-9029-C85040F29824}.Release|x86.ActiveCfg = Release|Any CPU
		{8BFE6564-602F-41E2-9029-C85040F29824}.Release|x86.Build.0 = Release|Any CPU
		{A3AED834-E553-49D4-9BAB-8CB8F62FC660}.Debug|Any CPU.ActiveCfg = Debug|Any CPU
		{A3AED834-E553-49D4-9BAB-8CB8F62FC660}.Debug|Any CPU.Build.0 = Debug|Any CPU
		{A3AED834-E553-49D4-9BAB-8CB8F62FC660}.Debug|x64.ActiveCfg = Debug|Any CPU
		{A3AED834-E553-49D4-9BAB-8CB8F62FC660}.Debug|x64.Build.0 = Debug|Any CPU
		{A3AED834-E553-49D4-9BAB-8CB8F62FC660}.Debug|x86.ActiveCfg = Debug|Any CPU
		{A3AED834-E553-49D4-9BAB-8CB8F62FC660}.Debug|x86.Build.0 = Debug|Any CPU
		{A3AED834-E553-49D4-9BAB-8CB8F62FC660}.Release|Any CPU.ActiveCfg = Release|Any CPU
		{A3AED834-E553-49D4-9BAB-8CB8F62FC660}.Release|Any CPU.Build.0 = Release|Any CPU
		{A3AED834-E553-49D4-9BAB-8CB8F62FC660}.Release|x64.ActiveCfg = Release|Any CPU
		{A3AED834-E553-49D4-9BAB-8CB8F62FC660}.Release|x64.Build.0 = Release|Any CPU
		{A3AED834-E553-49D4-9BAB-8CB8F62FC660}.Release|x86.ActiveCfg = Release|Any CPU
		{A3AED834-E553-49D4-9BAB-8CB8F62FC660}.Release|x86.Build.0 = Release|Any CPU
	EndGlobalSection
EndGlobal
